commit	92181303adb6587fabe72c20d79535b9408e2818	sakshi	https://github.com/MacCracken/sakshi.git	2.5.6
b1593105548307531c309458f9b701acae223eea8878cf1b2197f07fc260f591  lib/alloc.cyr
69e92cc4b67f1a936f94c92ce8a4c66673758b84dba385e96fbeaa46fa692b4c  lib/alloc_agnos.cyr
62b090ca59dabcb9efc98677f495e04edf63a018105ccd0ac76f992e187cf4e6  lib/alloc_cx.cyr
03922b263b4a771d7104c6dcc30b4b029c6fe40ec93fec6a0ee38ec61f7e7dd8  lib/alloc_macos.cyr
6feb5ef16178a4da10e5cb1fa0ad91e94da8d0d64d76822ea818e70dba5c118e  lib/alloc_windows.cyr
ee03323e1b6ad279619fe630bb76d47b00aca6d198d508ea804f4b19d4f2b6fd  lib/args.cyr
14bb49249285e0549e21577bbbf330e302d8423668ad2be2ae73c91463c616f3  lib/args_agnos.cyr
99f96283da419ad9f01d076269411c3d5214b6007a92d1bbe2356ab906a5d1a1  lib/args_macos.cyr
f7b9d52f29de6d3d633962ccc765a76637091a7256eebc1da5547530eed2c44b  lib/args_win.cyr
3ab3078408007b7782a34aee665b14ee63a6000b9db089efd4bb4e614de8c8a0  lib/assert.cyr
a31cbf049f4611a63fffbc022826d69b03d71b0a29b18bdb5ea00b6cd88823b8  lib/atomic.cyr
39519f50cd35d21ec5ef2ebba5fade7b3d2fe8ddfe7644e3395c8da4d631e0a0  lib/bench.cyr
62f742477123341be50be74d09d16f80de08534061bc3e82fd99040df9708fc7  lib/boxed.cyr
563bc5059e0a9c206884fb92a42c5b2c2cca06cd3f9448920239c8b5966119dc  lib/callback.cyr
224c9d1685b2a0859abbc1a8a01bc5570660a3aaf90a7ccfb468e38d0cf3af5f  lib/fmt.cyr
2f9d210e9280506f280bbd10a7b26b76c7990360a97fb7701f348bfe76fbb291  lib/fnptr.cyr
67fe78997e1795ae475c23d9f8884d74537e08a55b20f568fda8c962607eaf3d  lib/ganita.cyr
08f362cf55b61688e0893aefae51d5088f5e373519bfd0e2e6c443eba25305b6  lib/io.cyr
fb578de7a7ed8e61001692be76d121dbd1a1b6dbd0c04c8bd7700ae7d0bc3966  lib/math.cyr
66f2a7e4a5523da13da19c94d5d6d5ac14635fbba10c3bc4f950241a3b26cd10  lib/result.cyr
cabaf271f250c4ba8d867c8b465d9cc65648387a3c43b7ccf6b38d976d2867fb  lib/sakshi.cyr
1287a8ca89f960f68e183de2006fe4c1c8796acd1db993acfa68b81caccc7616  lib/str.cyr
f963c13ec3945a54d7a6c626e75b9f02d2053c60deb4fa987d7fd1fff97b1723  lib/string.cyr
241126af6fcf1971193f28ec348eab5c4895f8a8b89ca8c470d5d266c5ea75df  lib/syscalls.cyr
13c325e0f168afab2918d8dee9e235959e173dcce2d5b79cedc78ff5b4f58d2f  lib/syscalls_aarch64_linux.cyr
648dd50892e04e02720d4de1790fa2d10b7105aa33ee7b43e7502508e47f2079  lib/syscalls_linux_common.cyr
72ff29f286de8edca7adc9f7d6a51ffcd52e53b4d91229f6327d910a99f1c1d2  lib/syscalls_macos.cyr
b51b8918b9f6330d4ac3124728732740e4f915b7d4ce01a8e6c4d405fbc490c2  lib/syscalls_windows.cyr
83c135af9c2d5b331d23112cc940c6ae2bb4c765da74ce2e23a9624acf91c780  lib/syscalls_x86_64_agnos.cyr
fdc56202b9b968c26083ff66bcc9a0accd0c2176fdf4f7ba626a3c7d300d3415  lib/syscalls_x86_64_linux.cyr
30def7b0a8f770a2d66efeffd953aa4bf3f2b902207fec9104b569acdc6315b1  lib/tagged.cyr
fa7a04f961c15fa76dac4ce799830f0a71a720d27da25867f4ca68e7ea21880a  lib/vec.cyr
cyrius	6.6.14
