b12c54c86b345c40a7f41334782055621607a6219dc1ed9055f82b30c8dd3b9e  lib/tagged.cyr
924091ea570c3dd657f0ca513ba61045f9fd698049cc6128eb9117a3cdd77ef2  lib/toml.cyr
41c04c40a12452fafa3e64fe0f2ee841d91f9664bfa9dfd13747574092196a09  lib/net.cyr
d49c14112a3e542de86bc4dbfe8c7ad2a3a3a18349557db99b7b7e78b78c279d  lib/cffi.cyr
354aa55163efbd28efd4d1e9d686c962393b3a53ef68b5e82de9c1346cce010b  lib/mmap.cyr
2632741c12ea87079cc484eedf32026e860ed549f36c351d7954988693a8d352  lib/math.cyr
40aef1e4d707e66426a8dbc01ccfa40a334f5ac5abf797a7089b69243fb68a91  lib/dynlib.cyr
7cbd6e9ba65d55ef02f3e490d6e3559c2a3af57dc842dd9adb688f5dc5b1ac63  lib/str.cyr
299f08b3b9e3a453fdd1128b72c7b6096b1c209d6f590aaeb8d007e72c3d5a43  lib/base64.cyr
41f2a86c9caa149fc7fcea9d4db1c04a1b540c10349beb4ebcae6f47fd7582c3  lib/async.cyr
1ffe8fb40baed2299a8a009044da63a113f2c19dc36758aacc9f3a6c0be8b45f  lib/ws_server.cyr
15463a1fb581b9fa3d8fabaad4301c1a2b90a653a5e14b24e5e751514850a0a2  lib/alloc_macos.cyr
570ae483528013a528c470670524760dcae508b7742e012714dca410ec9fbcc4  lib/hashmap_fast.cyr
7d3c47733551e6c2c6ebf35fc5b1efab66b432d99564f0d9a7c15361e7f5537b  lib/freelist.cyr
1a0db2592c88c8913cfadb0e5605b91c561f2c4d3501b8d5f036fe9fa9b1da97  lib/regex.cyr
803cd174ea156301d31d3df53dd0d9b795f943d4e1b09d753f36c91e8c409b2b  lib/sakshi.cyr
fe8f2f31f59cd2113c8564ff9cd67327b133aedb8c195e63303851975a581d5c  lib/log.cyr
48ee8f0ee8e5af43f1fcd514fd6a5ca366abb889e074c2f52231f39f20c43b54  lib/string.cyr
08e4db4803fac42524b4d606656495a33a6d814593a2320175fca6786a39061b  lib/process.cyr
ce3a1571e1fc8868cb4cedae4ed13deae1e7b82773a3634d16432ac8765849e0  lib/alloc.cyr
ebf17bc4bade6b29168ab5d583c490ed6ac8f815c74de6b2cba9a549a77ed467  lib/sigil.cyr
3f9823d527d27c5be0fea57389fad07e8c3e5f734054776a479212a59d069e7c  lib/syscalls_x86_64_linux.cyr
23806482e15294c369c7a9f5377c9a8563c5bc9eeb8934a6da4dd466304699f7  lib/vidya.cyr
8015e17603b037d451e91f828b1180b8f9aaff2a3d72a470b217fa74a9914604  lib/fmt.cyr
2715a4a49515144197ba1b8ac7b138f376a52e3e1c6659468f3ce1adfee48f5b  lib/tls.cyr
44786339089f621aceb745d8f52fe6b50f24643db665e323591e7eda47e61221  lib/trait.cyr
829bb78d558ee38e7dee55ddd8bac4c60805958a96ddbef7fd906ad58cc8678e  lib/yukti.cyr
19b253c57c296aad52c3209132f13d78c97118a6e40d971e49355d047e379bbf  lib/assert.cyr
cde23315f5785238fabd8541806ddb8bb96b00faab2ac8728b47bc83240dce95  lib/args.cyr
b2f17c3fdc74e0ab6bcf6778a23a39426c64b3536a3bee3c6f91733441e2e16c  lib/patra.cyr
c2be79223d95934e5f0d4b2d239925af5075363352ea5eb1e44f02ac859dcda7  lib/csv.cyr
d5de7150ce5c91e96bc348e1399b207523e016f672bede7d27ad59cfe9dbf973  lib/http_server.cyr
757d66b797152829b810d074ddcc4756de100303bab6ccc68b419add4dea404c  lib/bigint.cyr
d64edbbf5766c100a96bd7562055397cc4424227fbafbfefcf6523c78b6c78ee  lib/chrono.cyr
2f6b8901c1bf9f9e024b0f2c8127bffc16b603d691db43888a314f861e81232b  lib/mabda.cyr
f0fb1a525c590bd5aafdfb5e30dfbb1bce6ad14f3e30f4ce83e6d2ae5f4730f5  lib/linalg.cyr
778d6d262948a6e645af85c36d507d6d0430a54d682a6b4181a101eed9cc5056  lib/syscalls.cyr
69524b79054635a0864bac422215dc96302374b0b899f066af4dd6d63c029190  lib/matrix.cyr
f362ed6f1f4064dfcbc72b32892c2917ff80119a583bfdfa948771e115eb8de0  lib/alloc_windows.cyr
1b9245d2d64bf491fd4af2582baec5495a06706a9792d326571d1768a31dd093  lib/thread.cyr
ed5d0eb98f3e4eece8317ca6f6d05c23aa3d2251161233caa1671b15f6e3f728  lib/sakshi_full.cyr
7046f0d30521a26621db9e7037d97770b7a694336fb3fd0922187b7c5bfb8293  lib/syscalls_aarch64_linux.cyr
7cd60bc51c96d4903e45c179e0d604c2c8f083384ff95b57a24479d499de1f19  lib/bench.cyr
9cbbb252cd81066fc534261cebf99fa3085b2ea77ecc04b1cf4768e3c828d0a4  lib/cyml.cyr
1499345168766fe6e65d37ecb70e54b05911bf998f89bfadfe57d027c1ef99aa  lib/audio.cyr
8f6a32643ecffa4d153d4fcbf3ff7377a8659b475a2a8d36e7225d8d30a3283c  lib/ws.cyr
dd05f5a40949ae0a31e64c7ddfc3daa97125e357fac80b02e212ab883ab43846  lib/u128.cyr
cb37a724dba8747f043721f307169f227523507df84cda8313c874a8fecb23a7  lib/http.cyr
d23c28c1e00334c33e9510053c23ad7b8ea8a82ec79ff0cd72d70791f30d8e96  lib/vec.cyr
beb99492994c4d9be7d8325017928775c8fb87c6615774dd2d38bfb0b54af177  lib/fs.cyr
81503722a2482a53edb40b98baf7d5922536c6e764e0da6267c17d13558e8545  lib/io.cyr
803cd174ea156301d31d3df53dd0d9b795f943d4e1b09d753f36c91e8c409b2b  lib/sakshi_sakshi.cyr
763454260fbd59a7fc2e99e44b4e6d5180bf0544bf9adc40ebfe6629bd9f4548  lib/hashmap.cyr
a53b49d3ad77448e11a36a59fb172a36488a92d83d6cf9802c8ade1a8b83effe  lib/fnptr.cyr
137d3a72ea9b80ffa77c76bd40cfa0b01c700f98393b62b610c3b3749b2f690a  lib/syscalls_windows.cyr
81d35ca14c6d1a2842b6479cae775db44161da18e614531a7aff5304e0a98c31  lib/bounds.cyr
5473663675b8a4390bb54135d49d6291bc5a2b32515f824898dbd19cd15c2809  lib/json.cyr
68409c55f1d310b78503ad2e4e7a92502d605d859b1dba8b34b7a4899778a1ca  lib/callback.cyr
fcb060e991af4b5cd1d3e1ad7fdc06278d8a0adf64d073c234298c4c20f1a000  lib/args_macos.cyr
83f1fd9255043adf12f21fd9c9275f64fda2aafe889b419de4575408c322ad4a  lib/result.cyr
